// !$*UTF8*$!
{
	archiveVersion = 1;
	classes = {
	};
	objectVersion = 50;
	objects = {

/* Begin PBXBuildFile section */
		28111C902182BB6E00661FDA /* CWDialView.m in Sources */ = {isa = PBXBuildFile; fileRef = 28111C8F2182BB6E00661FDA /* CWDialView.m */; };
		282BB1352187FB0C0093EC96 /* demo.gif in Resources */ = {isa = PBXBuildFile; fileRef = 282BB1342187FB0C0093EC96 /* demo.gif */; };
		286DE6422181C18B00CA5E6B /* AppDelegate.m in Sources */ = {isa = PBXBuildFile; fileRef = 286DE6412181C18B00CA5E6B /* AppDelegate.m */; };
		286DE6452181C18B00CA5E6B /* ViewController.m in Sources */ = {isa = PBXBuildFile; fileRef = 286DE6442181C18B00CA5E6B /* ViewController.m */; };
		286DE6482181C18B00CA5E6B /* Main.storyboard in Resources */ = {isa = PBXBuildFile; fileRef = 286DE6462181C18B00CA5E6B /* Main.storyboard */; };
		286DE64A2181C19100CA5E6B /* Assets.xcassets in Resources */ = {isa = PBXBuildFile; fileRef = 286DE6492181C19100CA5E6B /* Assets.xcassets */; };
		286DE64D2181C19100CA5E6B /* LaunchScreen.storyboard in Resources */ = {isa = PBXBuildFile; fileRef = 286DE64B2181C19100CA5E6B /* LaunchScreen.storyboard */; };
		286DE6502181C19100CA5E6B /* main.m in Sources */ = {isa = PBXBuildFile; fileRef = 286DE64F2181C19100CA5E6B /* main.m */; };
/* End PBXBuildFile section */

/* Begin PBXFileReference section */
		28111C8E2182BB6E00661FDA /* CWDialView.h */ = {isa = PBXFileReference; lastKnownFileType = sourcecode.c.h; path = CWDialView.h; sourceTree = "<group>"; };
		28111C8F2182BB6E00661FDA /* CWDialView.m */ = {isa = PBXFileReference; lastKnownFileType = sourcecode.c.objc; path = CWDialView.m; sourceTree = "<group>"; };
		282BB1342187FB0C0093EC96 /* demo.gif */ = {isa = PBXFileReference; lastKnownFileType = image.gif; path = demo.gif; sourceTree = "<group>"; };
		286DE63D2181C18A00CA5E6B /* DialDemo.app */ = {isa = PBXFileReference; explicitFileType = wrapper.application; includeInIndex = 0; path = DialDemo.app; sourceTree = BUILT_PRODUCTS_DIR; };
		286DE6402181C18B00CA5E6B /* AppDelegate.h */ = {isa = PBXFileReference; lastKnownFileType = sourcecode.c.h; path = AppDelegate.h; sourceTree = "<group>"; };
		286DE6412181C18B00CA5E6B /* AppDelegate.m */ = {isa = PBXFileReference; lastKnownFileType = sourcecode.c.objc; path = AppDelegate.m; sourceTree = "<group>"; };
		286DE6432181C18B00CA5E6B /* ViewController.h */ = {isa = PBXFileReference; lastKnownFileType = sourcecode.c.h; path = ViewController.h; sourceTree = "<group>"; };
		286DE6442181C18B00CA5E6B /* ViewController.m */ = {isa = PBXFileReference; lastKnownFileType = sourcecode.c.objc; path = ViewController.m; sourceTree = "<group>"; };
		286DE6472181C18B00CA5E6B /* Base */ = {isa = PBXFileReference; lastKnownFileType = file.storyboard; name = Base; path = Base.lproj/Main.storyboard; sourceTree = "<group>"; };
		286DE6492181C19100CA5E6B /* Assets.xcassets */ = {isa = PBXFileReference; lastKnownFileType = folder.assetcatalog; path = Assets.xcassets; sourceTree = "<group>"; };
		286DE64C2181C19100CA5E6B /* Base */ = {isa = PBXFileReference; lastKnownFileType = file.storyboard; name = Base; path = Base.lproj/LaunchScreen.storyboard; sourceTree = "<group>"; };
		286DE64E2181C19100CA5E6B /* Info.plist */ = {isa = PBXFileReference; lastKnownFileType = text.plist.xml; path = Info.plist; sourceTree = "<group>"; };
		286DE64F2181C19100CA5E6B /* main.m */ = {isa = PBXFileReference; lastKnownFileType = sourcecode.c.objc; path = main.m; sourceTree = "<group>"; };
/* End PBXFileReference section */

/* Begin PBXFrameworksBuildPhase section */
		286DE63A2181C18A00CA5E6B /* Frameworks */ = {
			isa = PBXFrameworksBuildPhase;
			buildActionMask = 2147483647;
			files = (
			);
			runOnlyForDeploymentPostprocessing = 0;
		};
/* End PBXFrameworksBuildPhase section */

/* Begin PBXGroup section */
		282BB1332187FAF80093EC96 /* source */ = {
			isa = PBXGroup;
			children = (
				282BB1342187FB0C0093EC96 /* demo.gif */,
			);
			path = source;
			sourceTree = "<group>";
		};
		286DE6342181C18A00CA5E6B = {
			isa = PBXGroup;
			children = (
				286DE63F2181C18A00CA5E6B /* DialDemo */,
				286DE63E2181C18A00CA5E6B /* Products */,
			);
			sourceTree = "<group>";
		};
		286DE63E2181C18A00CA5E6B /* Products */ = {
			isa = PBXGroup;
			children = (
				286DE63D2181C18A00CA5E6B /* DialDemo.app */,
			);
			name = Products;
			sourceTree = "<group>";
		};
		286DE63F2181C18A00CA5E6B /* DialDemo */ = {
			isa = PBXGroup;
			children = (
				282BB1332187FAF80093EC96 /* source */,
				286DE6402181C18B00CA5E6B /* AppDelegate.h */,
				286DE6412181C18B00CA5E6B /* AppDelegate.m */,
				286DE6432181C18B00CA5E6B /* ViewController.h */,
				286DE6442181C18B00CA5E6B /* ViewController.m */,
				28111C8E2182BB6E00661FDA /* CWDialView.h */,
				28111C8F2182BB6E00661FDA /* CWDialView.m */,
				286DE6462181C18B00CA5E6B /* Main.storyboard */,
				286DE6492181C19100CA5E6B /* Assets.xcassets */,
				286DE64B2181C19100CA5E6B /* LaunchScreen.storyboard */,
				286DE64E2181C19100CA5E6B /* Info.plist */,
				286DE64F2181C19100CA5E6B /* main.m */,
			);
			path = DialDemo;
			sourceTree = "<group>";
		};
/* End PBXGroup section */

/* Begin PBXNativeTarget section */
		286DE63C2181C18A00CA5E6B /* DialDemo */ = {
			isa = PBXNativeTarget;
			buildConfigurationList = 286DE6532181C19100CA5E6B /* Build configuration list for PBXNativeTarget "DialDemo" */;
			buildPhases = (
				286DE6392181C18A00CA5E6B /* Sources */,
				286DE63A2181C18A00CA5E6B /* Frameworks */,
				286DE63B2181C18A00CA5E6B /* Resources */,
			);
			buildRules = (
			);
			dependencies = (
			);
			name = DialDemo;
			productName = DialDemo;
			productReference = 286DE63D2181C18A00CA5E6B /* DialDemo.app */;
			productType = "com.apple.product-type.application";
		};
/* End PBXNativeTarget section */

/* Begin PBXProject section */
		286DE6352181C18A00CA5E6B /* Project object */ = {
			isa = PBXProject;
			attributes = {
				LastUpgradeCheck = 1000;
				ORGANIZATIONNAME = chenwang;
				TargetAttributes = {
					286DE63C2181C18A00CA5E6B = {
						CreatedOnToolsVersion = 10.0;
					};
				};
			};
			buildConfigurationList = 286DE6382181C18A00CA5E6B /* Build configuration list for PBXProject "DialDemo" */;
			compatibilityVersion = "Xcode 9.3";
			developmentRegion = en;
			hasScannedForEncodings = 0;
			knownRegions = (
				en,
				Base,
			);
			mainGroup = 286DE6342181C18A00CA5E6B;
			productRefGroup = 286DE63E2181C18A00CA5E6B /* Products */;
			projectDirPath = "";
			projectRoot = "";
			targets = (
				286DE63C2181C18A00CA5E6B /* DialDemo */,
			);
		};
/* End PBXProject section */

/* Begin PBXResourcesBuildPhase section */
		286DE63B2181C18A00CA5E6B /* Resources */ = {
			isa = PBXResourcesBuildPhase;
			buildActionMask = 2147483647;
			files = (
				286DE64D2181C19100CA5E6B /* LaunchScreen.storyboard in Resources */,
				282BB1352187FB0C0093EC96 /* demo.gif in Resources */,
				286DE64A2181C19100CA5E6B /* Assets.xcassets in Resources */,
				286DE6482181C18B00CA5E6B /* Main.storyboard in Resources */,
			);
			runOnlyForDeploymentPostprocessing = 0;
		};
/* End PBXResourcesBuildPhase section */

/* Begin PBXSourcesBuildPhase section */
		286DE6392181C18A00CA5E6B /* Sources */ = {
			isa = PBXSourcesBuildPhase;
			buildActionMask = 2147483647;
			files = (
				286DE6452181C18B00CA5E6B /* ViewController.m in Sources */,
				286DE6502181C19100CA5E6B /* main.m in Sources */,
				28111C902182BB6E00661FDA /* CWDialView.m in Sources */,
				286DE6422181C18B00CA5E6B /* AppDelegate.m in Sources */,
			);
			runOnlyForDeploymentPostprocessing = 0;
		};
/* End PBXSourcesBuildPhase section */

/* Begin PBXVariantGroup section */
		286DE6462181C18B00CA5E6B /* Main.storyboard */ = {
			isa = PBXVariantGroup;
			children = (
				286DE6472181C18B00CA5E6B /* Base */,
			);
			name = Main.storyboard;
			sourceTree = "<group>";
		};
		286DE64B2181C19100CA5E6B /* LaunchScreen.storyboard */ = {
			isa = PBXVariantGroup;
			children = (
				286DE64C2181C19100CA5E6B /* Base */,
			);
			name = LaunchScreen.storyboard;
			sourceTree = "<group>";
		};
/* End PBXVariantGroup section */

/* Begin XCBuildConfiguration section */
		286DE6512181C19100CA5E6B /* Debug */ = {
			isa = XCBuildConfiguration;
			buildSettings = {
				ALWAYS_SEARCH_USER_PATHS = NO;
				CLANG_ANALYZER_NONNULL = YES;
				CLANG_ANALYZER_NUMBER_OBJECT_CONVERSION = YES_AGGRESSIVE;
				CLANG_CXX_LANGUAGE_STANDARD = "gnu++14";
				CLANG_CXX_LIBRARY = "libc++";
				CLANG_ENABLE_MODULES = YES;
				CLANG_ENABLE_OBJC_ARC = YES;
				CLANG_ENABLE_OBJC_WEAK = YES;
				CLANG_WARN_BLOCK_CAPTURE_AUTORELEASING = YES;
				CLANG_WARN_BOOL_CONVERSION = YES;
				CLANG_WARN_COMMA = YES;
				CLANG_WARN_CONSTANT_CONVERSION = YES;
				CLANG_WARN_DEPRECATED_OBJC_IMPLEMENTATIONS = YES;
				CLANG_WARN_DIRECT_OBJC_ISA_USAGE = YES_ERROR;
				CLANG_WARN_DOCUMENTATION_COMMENTS = YES;
				CLANG_WARN_EMPTY_BODY = YES;
				CLANG_WARN_ENUM_CONVERSION = YES;
				CLANG_WARN_INFINITE_RECURSION = YES;
				CLANG_WARN_INT_CONVERSION = YES;
				CLANG_WARN_NON_LITERAL_NULL_CONVERSION = YES;
				CLANG_WARN_OBJC_IMPLICIT_RETAIN_SELF = YES;
				CLANG_WARN_OBJC_LITERAL_CONVERSION = YES;
				CLANG_WARN_OBJC_ROOT_CLASS = YES_ERROR;
				CLANG_WARN_RANGE_LOOP_ANALYSIS = YES;
				CLANG_WARN_STRICT_PROTOTYPES = YES;
				CLANG_WARN_SUSPICIOUS_MOVE = YES;
				CLANG_WARN_UNGUARDED_AVAILABILITY = YES_AGGRESSIVE;
				CLANG_WARN_UNREACHABLE_CODE = YES;
				CLANG_WARN__DUPLICATE_METHOD_MATCH = YES;
				CODE_SIGN_IDENTITY = "iPhone Developer";
				COPY_PHASE_STRIP = NO;
				DEBUG_INFORMATION_FORMAT = dwarf;
				ENABLE_STRICT_OBJC_MSGSEND = YES;
				ENABLE_TESTABILITY = YES;
				GCC_C_LANGUAGE_STANDARD = gnu11;
				GCC_DYNAMIC_NO_PIC = NO;
				GCC_NO_COMMON_BLOCKS = YES;
				GCC_OPTIMIZATION_LEVEL = 0;
				GCC_PREPROCESSOR_DEFINITIONS = (
					"DEBUG=1",
					"$(inherited)",
				);
				GCC_WARN_64_TO_32_BIT_CONVERSION = YES;
				GCC_WARN_ABOUT_RETURN_TYPE = YES_ERROR;
				GCC_WARN_UNDECLARED_SELECTOR = YES;
				GCC_WARN_UNINITIALIZED_AUTOS = YES_AGGRESSIVE;
				GCC_WARN_UNUSED_FUNCTION = YES;
				GCC_WARN_UNUSED_VARIABLE = YES;
				IPHONEOS_DEPLOYMENT_TARGET = 12.0;
				MTL_ENABLE_DEBUG_INFO = INCLUDE_SOURCE;
				MTL_FAST_MATH = YES;
				ONLY_ACTIVE_ARCH = YES;
				SDKROOT = iphoneos;
			};
			name = Debug;
		};
		286DE6522181C19100CA5E6B /* Release */ = {
			isa = XCBuildConfiguration;
			buildSettings = {
				ALWAYS_SEARCH_USER_PATHS = NO;
				CLANG_ANALYZER_NONNULL = YES;
				CLANG_ANALYZER_NUMBER_OBJECT_CONVERSION = YES_AGGRESSIVE;
				CLANG_CXX_LANGUAGE_STANDARD = "gnu++14";
				CLANG_CXX_LIBRARY = "libc++";
				CLANG_ENABLE_MODULES = YES;
				CLANG_ENABLE_OBJC_ARC = YES;
				CLANG_ENABLE_OBJC_WEAK = YES;
				CLANG_WARN_BLOCK_CAPTURE_AUTORELEASING = YES;
				CLANG_WARN_BOOL_CONVERSION = YES;
				CLANG_WARN_COMMA = YES;
				CLANG_WARN_CONSTANT_CONVERSION = YES;
				CLANG_WARN_DEPRECATED_OBJC_IMPLEMENTATIONS = YES;
				CLANG_WARN_DIRECT_OBJC_ISA_USAGE = YES_ERROR;
				CLANG_WARN_DOCUMENTATION_COMMENTS = YES;
				CLANG_WARN_EMPTY_BODY = YES;
				CLANG_WARN_ENUM_CONVERSION = YES;
				CLANG_WARN_INFINITE_RECURSION = YES;
				CLANG_WARN_INT_CONVERSION = YES;
				CLANG_WARN_NON_LITERAL_NULL_CONVERSION = YES;
				CLANG_WARN_OBJC_IMPLICIT_RETAIN_SELF = YES;
				CLANG_WARN_OBJC_LITERAL_CONVERSION = YES;
				CLANG_WARN_OBJC_ROOT_CLASS = YES_ERROR;
				CLANG_WARN_RANGE_LOOP_ANALYSIS = YES;
				CLANG_WARN_STRICT_PROTOTYPES = YES;
				CLANG_WARN_SUSPICIOUS_MOVE = YES;
				CLANG_WARN_UNGUARDED_AVAILABILITY = YES_AGGRESSIVE;
				CLANG_WARN_UNREACHABLE_CODE = YES;
				CLANG_WARN__DUPLICATE_METHOD_MATCH = YES;
				CODE_SIGN_IDENTITY = "iPhone Developer";
				COPY_PHASE_STRIP = NO;
				DEBUG_INFORMATION_FORMAT = "dwarf-with-dsym";
				ENABLE_NS_ASSERTIONS = NO;
				ENABLE_STRICT_OBJC_MSGSEND = YES;
				GCC_C_LANGUAGE_STANDARD = gnu11;
				GCC_NO_COMMON_BLOCKS = YES;
				GCC_WARN_64_TO_32_BIT_CONVERSION = YES;
				GCC_WARN_ABOUT_RETURN_TYPE = YES_ERROR;
				GCC_WARN_UNDECLARED_SELECTOR = YES;
				GCC_WARN_UNINITIALIZED_AUTOS = YES_AGGRESSIVE;
				GCC_WARN_UNUSED_FUNCTION = YES;
				GCC_WARN_UNUSED_VARIABLE = YES;
				IPHONEOS_DEPLOYMENT_TARGET = 12.0;
				MTL_ENABLE_DEBUG_INFO = NO;
				MTL_FAST_MATH = YES;
				SDKROOT = iphoneos;
				VALIDATE_PRODUCT = YES;
			};
			name = Release;
		};
		286DE6542181C19100CA5E6B /* Debug */ = {
			isa = XCBuildConfiguration;
			buildSettings = {
				ASSETCATALOG_COMPILER_APPICON_NAME = AppIcon;
				CODE_SIGN_STYLE = Automatic;
				INFOPLIST_FILE = DialDemo/Info.plist;
				IPHONEOS_DEPLOYMENT_TARGET = 9.0;
				LD_RUNPATH_SEARCH_PATHS = (
					"$(inherited)",
					"@executable_path/Frameworks",
				);
				PRODUCT_BUNDLE_IDENTIFIER = com.chenwang.DialDemo;
				PRODUCT_NAME = "$(TARGET_NAME)";
				TARGETED_DEVICE_FAMILY = "1,2";
			};
			name = Debug;
		};
		286DE6552181C19100CA5E6B /* Release */ = {
			isa = XCBuildConfiguration;
			buildSettings = {
				ASSETCATALOG_COMPILER_APPICON_NAME = AppIcon;
				CODE_SIGN_STYLE = Automatic;
				INFOPLIST_FILE = DialDemo/Info.plist;
				IPHONEOS_DEPLOYMENT_TARGET = 9.0;
				LD_RUNPATH_SEARCH_PATHS = (
					"$(inherited)",
					"@executable_path/Frameworks",
				);
				PRODUCT_BUNDLE_IDENTIFIER = com.chenwang.DialDemo;
				PRODUCT_NAME = "$(TARGET_NAME)";
				TARGETED_DEVICE_FAMILY = "1,2";
			};
			name = Release;
		};
/* End XCBuildConfiguration section */

/* Begin XCConfigurationList section */
		286DE6382181C18A00CA5E6B /* Build configuration list for PBXProject "DialDemo" */ = {
			isa = XCConfigurationList;
			buildConfigurations = (
				286DE6512181C19100CA5E6B /* Debug */,
				286DE6522181C19100CA5E6B /* Release */,
			);
			defaultConfigurationIsVisible = 0;
			defaultConfigurationName = Release;
		};
		286DE6532181C19100CA5E6B /* Build configuration list for PBXNativeTarget "DialDemo" */ = {
			isa = XCConfigurationList;
			buildConfigurations = (
				286DE6542181C19100CA5E6B /* Debug */,
				286DE6552181C19100CA5E6B /* Release */,
			);
			defaultConfigurationIsVisible = 0;
			defaultConfigurationName = Release;
		};
/* End XCConfigurationList section */
	};
	rootObject = 286DE6352181C18A00CA5E6B /* Project object */;
}
